
Microsoft Visual Studio Solution File, Format Version 12.00
Project("{FAE04EC0-301F-11D3-BF4B-00C04F79EFBC}") = "GraphQl-HotChocolate-Demo", "GraphQl-HotChocolate-Demo\GraphQl-HotChocolate-Demo.csproj", "{CD53B56B-6121-4B6B-9B59-59F684CF2B55}"
EndProject
Global
	GlobalSection(SolutionConfigurationPlatforms) = preSolution
		Debug|Any CPU = Debug|Any CPU
		Release|Any CPU = Release|Any CPU
	EndGlobalSection
	GlobalSection(ProjectConfigurationPlatforms) = postSolution
		{CD53B56B-6121-4B6B-9B59-59F684CF2B55}.Debug|Any CPU.ActiveCfg = Debug|Any CPU
		{CD53B56B-6121-4B6B-9B59-59F684CF2B55}.Debug|Any CPU.Build.0 = Debug|Any CPU
		{CD53B56B-6121-4B6B-9B59-59F684CF2B55}.Release|Any CPU.ActiveCfg = Release|Any CPU
		{CD53B56B-6121-4B6B-9B59-59F684CF2B55}.Release|Any CPU.Build.0 = Release|Any CPU
	EndGlobalSection
EndGlobal
